
Microsoft Visual Studio Solution File, Format Version 12.00
# Visual Studio Version 17
VisualStudioVersion = 17.6.33617.297
MinimumVisualStudioVersion = 10.0.40219.1
Project("{9A19103F-16F7-4668-BE54-9A1E7A4F7556}") = "SignalR.Server", "SignalR\Server\SignalR.Server.csproj", "{B1B5EA4C-0B9B-455A-B1E9-D84FE9E99AF9}"
EndProject
Project("{9A19103F-16F7-4668-BE54-9A1E7A4F7556}") = "SignalR.Client", "SignalR\Client\SignalR.Client.csproj", "{D54701FF-39FF-47C7-B316-7A2EECFB60C0}"
EndProject
Project("{9A19103F-16F7-4668-BE54-9A1E7A4F7556}") = "SignalR.Shared", "SignalR\Shared\SignalR.Shared.csproj", "{EB41F85C-1F96-41C8-A584-B8C7BD33E5C3}"
EndProject
Project("{FAE04EC0-301F-11D3-BF4B-00C04F79EFBC}") = "SignalR.BlazorServer", "SignalR.BlazorServer\SignalR.BlazorServer.csproj", "{A7962F34-EA54-4BF9-B85B-EF8ECA46B941}"
EndProject
Global
	GlobalSection(SolutionConfigurationPlatforms) = preSolution
		Debug|Any CPU = Debug|Any CPU
		Release|Any CPU = Release|Any CPU
	EndGlobalSection
	GlobalSection(ProjectConfigurationPlatforms) = postSolution
		{B1B5EA4C-0B9B-455A-B1E9-D84FE9E99AF9}.Debug|Any CPU.ActiveCfg = Debug|Any CPU
		{B1B5EA4C-0B9B-455A-B1E9-D84FE9E99AF9}.Debug|Any CPU.Build.0 = Debug|Any CPU
		{B1B5EA4C-0B9B-455A-B1E9-D84FE9E99AF9}.Release|Any CPU.ActiveCfg = Release|Any CPU
		{B1B5EA4C-0B9B-455A-B1E9-D84FE9E99AF9}.Release|Any CPU.Build.0 = Release|Any CPU
		{D54701FF-39FF-47C7-B316-7A2EECFB60C0}.Debug|Any CPU.ActiveCfg = Debug|Any CPU
		{D54701FF-39FF-47C7-B316-7A2EECFB60C0}.Debug|Any CPU.Build.0 = Debug|Any CPU
		{D54701FF-39FF-47C7-B316-7A2EECFB60C0}.Release|Any CPU.ActiveCfg = Release|Any CPU
		{D54701FF-39FF-47C7-B316-7A2EECFB60C0}.Release|Any CPU.Build.0 = Release|Any CPU
		{EB41F85C-1F96-41C8-A584-B8C7BD33E5C3}.Debug|Any CPU.ActiveCfg = Debug|Any CPU
		{EB41F85C-1F96-41C8-A584-B8C7BD33E5C3}.Debug|Any CPU.Build.0 = Debug|Any CPU
		{EB41F85C-1F96-41C8-A584-B8C7BD33E5C3}.Release|Any CPU.ActiveCfg = Release|Any CPU
		{EB41F85C-1F96-41C8-A584-B8C7BD33E5C3}.Release|Any CPU.Build.0 = Release|Any CPU
		{A7962F34-EA54-4BF9-B85B-EF8ECA46B941}.Debug|Any CPU.ActiveCfg = Debug|Any CPU
		{A7962F34-EA54-4BF9-B85B-EF8ECA46B941}.Debug|Any CPU.Build.0 = Debug|Any CPU
		{A7962F34-EA54-4BF9-B85B-EF8ECA46B941}.Release|Any CPU.ActiveCfg = Release|Any CPU
		{A7962F34-EA54-4BF9-B85B-EF8ECA46B941}.Release|Any CPU.Build.0 = Release|Any CPU
	EndGlobalSection
	GlobalSection(SolutionProperties) = preSolution
		HideSolutionNode = FALSE
	EndGlobalSection
	GlobalSection(ExtensibilityGlobals) = postSolution
		SolutionGuid = {F9E73785-6116-417F-ACC1-739E9F00CD44}
	EndGlobalSection
EndGlobal
